
Microsoft Visual Studio Solution File, Format Version 12.00
# Visual Studio 15
VisualStudioVersion = 15.0.27703.2026
MinimumVisualStudioVersion = 10.0.40219.1
Project("{9A19103F-16F7-4668-BE54-9A1E7A4F7556}") = "GMUFloodForecastPortal", "GMUFloodForecastPortal\GMUFloodForecastPortal.csproj", "{D4C431C7-A4A9-4367-83F7-7F8A9EA0CE73}"
EndProject
Project("{FAE04EC0-301F-11D3-BF4B-00C04F79EFBC}") = "TiffToKml.Net", "GMUFloodForecastService\TiffToKml.Net\TiffToKml.Net.csproj", "{7D1BB484-E9EB-491D-A2BB-ACC171C40D77}"
EndProject
Project("{FAE04EC0-301F-11D3-BF4B-00C04F79EFBC}") = "GMUFFCommon", "GMUFFCommon\GMUFFCommon.csproj", "{A7B8BDB8-02DE-4D08-B052-AC624781359E}"
EndProject
Project("{FAE04EC0-301F-11D3-BF4B-00C04F79EFBC}") = "GMUFFProcessor", "GMUFFProcessor\GMUFFProcessor.csproj", "{69822572-9084-4C8F-A2EC-6D047135C7F6}"
EndProject
Global
	GlobalSection(SolutionConfigurationPlatforms) = preSolution
		Debug|Any CPU = Debug|Any CPU
		Release|Any CPU = Release|Any CPU
	EndGlobalSection
	GlobalSection(ProjectConfigurationPlatforms) = postSolution
		{D4C431C7-A4A9-4367-83F7-7F8A9EA0CE73}.Debug|Any CPU.ActiveCfg = Debug|Any CPU
		{D4C431C7-A4A9-4367-83F7-7F8A9EA0CE73}.Debug|Any CPU.Build.0 = Debug|Any CPU
		{D4C431C7-A4A9-4367-83F7-7F8A9EA0CE73}.Release|Any CPU.ActiveCfg = Release|Any CPU
		{D4C431C7-A4A9-4367-83F7-7F8A9EA0CE73}.Release|Any CPU.Build.0 = Release|Any CPU
		{7D1BB484-E9EB-491D-A2BB-ACC171C40D77}.Debug|Any CPU.ActiveCfg = Debug|Any CPU
		{7D1BB484-E9EB-491D-A2BB-ACC171C40D77}.Debug|Any CPU.Build.0 = Debug|Any CPU
		{7D1BB484-E9EB-491D-A2BB-ACC171C40D77}.Release|Any CPU.ActiveCfg = Release|Any CPU
		{7D1BB484-E9EB-491D-A2BB-ACC171C40D77}.Release|Any CPU.Build.0 = Release|Any CPU
		{A7B8BDB8-02DE-4D08-B052-AC624781359E}.Debug|Any CPU.ActiveCfg = Debug|Any CPU
		{A7B8BDB8-02DE-4D08-B052-AC624781359E}.Debug|Any CPU.Build.0 = Debug|Any CPU
		{A7B8BDB8-02DE-4D08-B052-AC624781359E}.Release|Any CPU.ActiveCfg = Release|Any CPU
		{A7B8BDB8-02DE-4D08-B052-AC624781359E}.Release|Any CPU.Build.0 = Release|Any CPU
		{69822572-9084-4C8F-A2EC-6D047135C7F6}.Debug|Any CPU.ActiveCfg = Debug|Any CPU
		{69822572-9084-4C8F-A2EC-6D047135C7F6}.Debug|Any CPU.Build.0 = Debug|Any CPU
		{69822572-9084-4C8F-A2EC-6D047135C7F6}.Release|Any CPU.ActiveCfg = Release|Any CPU
		{69822572-9084-4C8F-A2EC-6D047135C7F6}.Release|Any CPU.Build.0 = Release|Any CPU
	EndGlobalSection
	GlobalSection(SolutionProperties) = preSolution
		HideSolutionNode = FALSE
	EndGlobalSection
	GlobalSection(ExtensibilityGlobals) = postSolution
		SolutionGuid = {4E29C0B0-7D8F-43F3-8D8E-E7296FE307E1}
	EndGlobalSection
EndGlobal
